# This file is automatically @generated by Cargo.
# It is not intended for manual editing.
version = 3

[[package]]
name = "allocator-api2"
version = "0.2.21"
source = "registry+https://github.com/rust-lang/crates.io-index"
checksum = "683d7910e743518b0e34f1186f92494becacb047c7b6bf616c96772180fef923"

[[package]]
name = "cc"
version = "1.2.65"
source = "registry+https://github.com/rust-lang/crates.io-index"
checksum = "e228eec9be7c17ccb640b59b36a5cd805ea2a564a4c5e162c2f659fea30d3b96"
dependencies = [
 "find-msvc-tools",
 "shlex",
]

[[package]]
name = "cmake"
version = "0.1.58"
source = "registry+https://github.com/rust-lang/crates.io-index"
checksum = "c0f78a02292a74a88ac736019ab962ece0bc380e3f977bf72e376c5d78ff0678"
dependencies = [
 "cc",
]

[[package]]
name = "ctor"
version = "1.0.10"
source = "registry+https://github.com/rust-lang/crates.io-index"
checksum = "e2e30e509674ef0ec91e21a7735766db37d163d46151b6a361d8b83dd79116bd"
dependencies = [
 "link-section",
 "linktime-proc-macro",
]

[[package]]
name = "find-msvc-tools"
version = "0.1.9"
source = "registry+https://github.com/rust-lang/crates.io-index"
checksum = "5baebc0774151f905a1a2cc41989300b1e6fbb29aff0ceffa1064fdd3088d582"

[[package]]
name = "libc"
version = "0.2.186"
source = "registry+https://github.com/rust-lang/crates.io-index"
checksum = "68ab91017fe16c622486840e4c83c9a37afeff978bd239b5293d61ece587de66"

[[package]]
name = "libmimalloc-sys"
version = "0.1.49"
source = "registry+https://github.com/rust-lang/crates.io-index"
checksum = "6a45a52f43e1c16f667ccfe4dd8c85b7f7c204fd5e3bf46c5b0db9a5c3c0b8e9"
dependencies = [
 "cc",
]

[[package]]
name = "link-section"
version = "0.19.1"
source = "registry+https://github.com/rust-lang/crates.io-index"
checksum = "8dc98458dfe90986c5e2f6ddcf68360c7e5c4252600153e06aa4ee8176c0f8d1"

[[package]]
name = "linkme"
version = "0.3.36"
source = "registry+https://github.com/rust-lang/crates.io-index"
checksum = "e83272d46373fb8decca684579ac3e7c8f3d71d4cc3aa693df8759e260ae41cf"
dependencies = [
 "linkme-impl",
]

[[package]]
name = "linkme-impl"
version = "0.3.36"
source = "registry+https://github.com/rust-lang/crates.io-index"
checksum = "32d59e20403c7d08fe62b4376edfe5c7fb2ef1e6b1465379686d0f21c8df444b"
dependencies = [
 "proc-macro2",
 "quote",
 "syn",
]

[[package]]
name = "linktime-proc-macro"
version = "0.2.0"
source = "registry+https://github.com/rust-lang/crates.io-index"
checksum = "8c7b0a3383c2a1002d11349c92c85a666a5fb679e96c79d782cf0dbe557fd6ee"

[[package]]
name = "mimalloc"
version = "0.1.52"
source = "registry+https://github.com/rust-lang/crates.io-index"
checksum = "2d4139bb28d14ad1facf21d5eb8825051b326e172d216b39f6d31df53cc97862"
dependencies = [
 "libmimalloc-sys",
]

[[package]]
name = "proc-macro2"
version = "1.0.106"
source = "registry+https://github.com/rust-lang/crates.io-index"
checksum = "8fd00f0bb2e90d81d1044c2b32617f68fcb9fa3bb7640c23e9c748e53fb30934"
dependencies = [
 "unicode-ident",
]

[[package]]
name = "quote"
version = "1.0.46"
source = "registry+https://github.com/rust-lang/crates.io-index"
checksum = "dfbc457d0c7a0759a614551b11a6409e5951f6c7537be1f1b7682b9ae9230368"
dependencies = [
 "proc-macro2",
]

[[package]]
name = "shlex"
version = "2.0.1"
source = "registry+https://github.com/rust-lang/crates.io-index"
checksum = "f8fadd59c855ef2080decdef8ff161eb6661b86933c9d82e5ba29dc602a55aba"

[[package]]
name = "snmalloc-rs"
version = "0.7.4"
source = "registry+https://github.com/rust-lang/crates.io-index"
checksum = "530a04ae687609072d0edd38866406fbbcd23d2f716791437e312ec4d64a355a"
dependencies = [
 "snmalloc-sys",
]

[[package]]
name = "snmalloc-sys"
version = "0.7.4"
source = "registry+https://github.com/rust-lang/crates.io-index"
checksum = "a96cbeb16d6bcc5979f80ec907582a886b7fb3b9a707678b63dd93a10d8ee858"
dependencies = [
 "cmake",
]

[[package]]
name = "syn"
version = "2.0.118"
source = "registry+https://github.com/rust-lang/crates.io-index"
checksum = "1b9ae57f904213ebb649ce6895b8a66c66f0203b9319718f69a5612a065b1422"
dependencies = [
 "proc-macro2",
 "quote",
 "unicode-ident",
]

[[package]]
name = "tikv-jemalloc-sys"
version = "0.7.1+5.3.1-0-g81034ce1f1373e37dc865038e1bc8eeecf559ce8"
source = "registry+https://github.com/rust-lang/crates.io-index"
checksum = "1a2825c78386b4ae0314074867860ba9577875de945f05992c38815cbec327f0"
dependencies = [
 "cc",
 "libc",
]

[[package]]
name = "tikv-jemallocator"
version = "0.7.0"
source = "registry+https://github.com/rust-lang/crates.io-index"
checksum = "249f09e49ab1609436f34c776e84231bead18d6a955f119f939bdc1d847561bd"
dependencies = [
 "libc",
 "tikv-jemalloc-sys",
]

[[package]]
name = "toccata"
version = "0.0.0"
dependencies = [
 "ctor",
 "libc",
 "toccata-core",
]

[[package]]
name = "toccata-bench"
version = "0.0.0"
dependencies = [
 "libc",
 "mimalloc",
 "snmalloc-rs",
 "tikv-jemallocator",
 "toccata",
]

[[package]]
name = "toccata-core"
version = "0.0.0"
dependencies = [
 "allocator-api2",
 "libc",
 "linkme",
]

[[package]]
name = "unicode-ident"
version = "1.0.24"
source = "registry+https://github.com/rust-lang/crates.io-index"
checksum = "e6e4313cd5fcd3dad5cafa179702e2b244f760991f45397d14d4ebf38247da75"
